
Microsoft Visual Studio Solution File, Format Version 12.00
# Visual Studio 15
VisualStudioVersion = 15.0.27428.2037
MinimumVisualStudioVersion = 10.0.40219.1
Project("{9A19103F-16F7-4668-BE54-9A1E7A4F7556}") = "MentalStack", "mental_stack\MentalStack.csproj", "{E02A1024-DB46-47DD-AE5F-7806444F0C3A}"
EndProject
Project("{9A19103F-16F7-4668-BE54-9A1E7A4F7556}") = "MentalStackUnitTests", "MentalStackUnitTests\MentalStackUnitTests.csproj", "{F2788B11-D790-4589-B8AB-C7269CE30F0D}"
EndProject
Project("{FAE04EC0-301F-11D3-BF4B-00C04F79EFBC}") = "MentalStack.IntegrationTests", "MentalStack.IntegrationTests\MentalStack.IntegrationTests.csproj", "{98E14F83-F1A5-4311-88E6-9D41323BA57E}"
EndProject
Global
	GlobalSection(SolutionConfigurationPlatforms) = preSolution
		Debug|Any CPU = Debug|Any CPU
		Release|Any CPU = Release|Any CPU
	EndGlobalSection
	GlobalSection(ProjectConfigurationPlatforms) = postSolution
		{E02A1024-DB46-47DD-AE5F-7806444F0C3A}.Debug|Any CPU.ActiveCfg = Debug|Any CPU
		{E02A1024-DB46-47DD-AE5F-7806444F0C3A}.Debug|Any CPU.Build.0 = Debug|Any CPU
		{E02A1024-DB46-47DD-AE5F-7806444F0C3A}.Release|Any CPU.ActiveCfg = Release|Any CPU
		{E02A1024-DB46-47DD-AE5F-7806444F0C3A}.Release|Any CPU.Build.0 = Release|Any CPU
		{F2788B11-D790-4589-B8AB-C7269CE30F0D}.Debug|Any CPU.ActiveCfg = Debug|Any CPU
		{F2788B11-D790-4589-B8AB-C7269CE30F0D}.Debug|Any CPU.Build.0 = Debug|Any CPU
		{F2788B11-D790-4589-B8AB-C7269CE30F0D}.Release|Any CPU.ActiveCfg = Release|Any CPU
		{F2788B11-D790-4589-B8AB-C7269CE30F0D}.Release|Any CPU.Build.0 = Release|Any CPU
		{98E14F83-F1A5-4311-88E6-9D41323BA57E}.Debug|Any CPU.ActiveCfg = Debug|Any CPU
		{98E14F83-F1A5-4311-88E6-9D41323BA57E}.Debug|Any CPU.Build.0 = Debug|Any CPU
		{98E14F83-F1A5-4311-88E6-9D41323BA57E}.Release|Any CPU.ActiveCfg = Release|Any CPU
		{98E14F83-F1A5-4311-88E6-9D41323BA57E}.Release|Any CPU.Build.0 = Release|Any CPU
	EndGlobalSection
	GlobalSection(SolutionProperties) = preSolution
		HideSolutionNode = FALSE
	EndGlobalSection
	GlobalSection(ExtensibilityGlobals) = postSolution
		SolutionGuid = {C82AA3C7-75AD-4C81-B976-B0981F458D47}
	EndGlobalSection
EndGlobal
